// !$*UTF8*$!
{
	archiveVersion = 1;
	classes = {
	};
	objectVersion = 46;
	objects = {

/* Begin PBXBuildFile section */
		BE02FC3E1E4D7C790009E4B2 /* CollectionViewCell.swift in Sources */ = {isa = PBXBuildFile; fileRef = BE02FC371E4D7C790009E4B2 /* CollectionViewCell.swift */; };
		BE02FC3F1E4D7C790009E4B2 /* CollectionViewCell.xib in Resources */ = {isa = PBXBuildFile; fileRef = BE02FC381E4D7C790009E4B2 /* CollectionViewCell.xib */; };
		BE02FC401E4D7C790009E4B2 /* CollectionViewController.swift in Sources */ = {isa = PBXBuildFile; fileRef = BE02FC391E4D7C790009E4B2 /* CollectionViewController.swift */; };
		BE02FC411E4D7C790009E4B2 /* CollectionViewController.xib in Resources */ = {isa = PBXBuildFile; fileRef = BE02FC3A1E4D7C790009E4B2 /* CollectionViewController.xib */; };
		BE02FC421E4D7C790009E4B2 /* Info.plist in Resources */ = {isa = PBXBuildFile; fileRef = BE02FC3B1E4D7C790009E4B2 /* Info.plist */; };
		BE02FC431E4D7C790009E4B2 /* main.storyboard in Resources */ = {isa = PBXBuildFile; fileRef = BE02FC3C1E4D7C790009E4B2 /* main.storyboard */; };
		BE02FC441E4D7C790009E4B2 /* ViewController.swift in Sources */ = {isa = PBXBuildFile; fileRef = BE02FC3D1E4D7C790009E4B2 /* ViewController.swift */; };
		BE02FC451E4D7D4F0009E4B2 /* GWCollectionViewFloatCellLayout.framework in Frameworks */ = {isa = PBXBuildFile; fileRef = BE9D1EED1E4D7A2E00724785 /* GWCollectionViewFloatCellLayout.framework */; };
		BE02FC471E4D7DE90009E4B2 /* Launch Screen.storyboard in Resources */ = {isa = PBXBuildFile; fileRef = BE02FC461E4D7DE90009E4B2 /* Launch Screen.storyboard */; };
		BE02FC491E4D7E4D0009E4B2 /* Assets.xcassets in Resources */ = {isa = PBXBuildFile; fileRef = BE02FC481E4D7E4D0009E4B2 /* Assets.xcassets */; };
		BE02FC4B1E4D7E5C0009E4B2 /* AppDelegate.swift in Sources */ = {isa = PBXBuildFile; fileRef = BE02FC4A1E4D7E5C0009E4B2 /* AppDelegate.swift */; };
		BE9D1EF11E4D7A2E00724785 /* GWCollectionViewFloatCellLayout.h in Headers */ = {isa = PBXBuildFile; fileRef = BE9D1EEF1E4D7A2E00724785 /* GWCollectionViewFloatCellLayout.h */; settings = {ATTRIBUTES = (Public, ); }; };
		BE9D1EF61E4D7A5900724785 /* GWCollectionViewFloatCellLayout.swift in Sources */ = {isa = PBXBuildFile; fileRef = BE9D1EF51E4D7A5900724785 /* GWCollectionViewFloatCellLayout.swift */; };
/* End PBXBuildFile section */

/* Begin PBXCopyFilesBuildPhase section */
		BE9D1EC41E4D743C00724785 /* Embed Frameworks */ = {
			isa = PBXCopyFilesBuildPhase;
			buildActionMask = 2147483647;
			dstPath = "";
			dstSubfolderSpec = 10;
			files = (
			);
			name = "Embed Frameworks";
			runOnlyForDeploymentPostprocessing = 0;
		};
/* End PBXCopyFilesBuildPhase section */

/* Begin PBXFileReference section */
		BE02FC371E4D7C790009E4B2 /* CollectionViewCell.swift */ = {isa = PBXFileReference; fileEncoding = 4; lastKnownFileType = sourcecode.swift; name = CollectionViewCell.swift; path = "GWCollectionViewFloatCellLayout-Demo/CollectionViewCell.swift"; sourceTree = SOURCE_ROOT; };
		BE02FC381E4D7C790009E4B2 /* CollectionViewCell.xib */ = {isa = PBXFileReference; fileEncoding = 4; lastKnownFileType = file.xib; name = CollectionViewCell.xib; path = "GWCollectionViewFloatCellLayout-Demo/CollectionViewCell.xib"; sourceTree = SOURCE_ROOT; };
		BE02FC391E4D7C790009E4B2 /* CollectionViewController.swift */ = {isa = PBXFileReference; fileEncoding = 4; lastKnownFileType = sourcecode.swift; name = CollectionViewController.swift; path = "GWCollectionViewFloatCellLayout-Demo/CollectionViewController.swift"; sourceTree = SOURCE_ROOT; };
		BE02FC3A1E4D7C790009E4B2 /* CollectionViewController.xib */ = {isa = PBXFileReference; fileEncoding = 4; lastKnownFileType = file.xib; name = CollectionViewController.xib; path = "GWCollectionViewFloatCellLayout-Demo/CollectionViewController.xib"; sourceTree = SOURCE_ROOT; };
		BE02FC3B1E4D7C790009E4B2 /* Info.plist */ = {isa = PBXFileReference; fileEncoding = 4; lastKnownFileType = text.plist.xml; name = Info.plist; path = "GWCollectionViewFloatCellLayout-Demo/Info.plist"; sourceTree = SOURCE_ROOT; };
		BE02FC3C1E4D7C790009E4B2 /* main.storyboard */ = {isa = PBXFileReference; fileEncoding = 4; lastKnownFileType = file.storyboard; name = main.storyboard; path = "GWCollectionViewFloatCellLayout-Demo/main.storyboard"; sourceTree = SOURCE_ROOT; };
		BE02FC3D1E4D7C790009E4B2 /* ViewController.swift */ = {isa = PBXFileReference; fileEncoding = 4; lastKnownFileType = sourcecode.swift; name = ViewController.swift; path = "GWCollectionViewFloatCellLayout-Demo/ViewController.swift"; sourceTree = SOURCE_ROOT; };
		BE02FC461E4D7DE90009E4B2 /* Launch Screen.storyboard */ = {isa = PBXFileReference; fileEncoding = 4; lastKnownFileType = file.storyboard; name = "Launch Screen.storyboard"; path = "GWCollectionViewFloatCellLayout-Demo/Launch Screen.storyboard"; sourceTree = SOURCE_ROOT; };
		BE02FC481E4D7E4D0009E4B2 /* Assets.xcassets */ = {isa = PBXFileReference; lastKnownFileType = folder.assetcatalog; name = Assets.xcassets; path = "GWCollectionViewFloatCellLayout-Demo/Assets.xcassets"; sourceTree = SOURCE_ROOT; };
		BE02FC4A1E4D7E5C0009E4B2 /* AppDelegate.swift */ = {isa = PBXFileReference; fileEncoding = 4; lastKnownFileType = sourcecode.swift; name = AppDelegate.swift; path = "GWCollectionViewFloatCellLayout-Demo/AppDelegate.swift"; sourceTree = SOURCE_ROOT; };
		BE9BE7051E4CD4F6000EDC12 /* GWCollectionViewFloatCellLayout-Demo.app */ = {isa = PBXFileReference; explicitFileType = wrapper.application; includeInIndex = 0; path = "GWCollectionViewFloatCellLayout-Demo.app"; sourceTree = BUILT_PRODUCTS_DIR; };
		BE9D1EED1E4D7A2E00724785 /* GWCollectionViewFloatCellLayout.framework */ = {isa = PBXFileReference; explicitFileType = wrapper.framework; includeInIndex = 0; path = GWCollectionViewFloatCellLayout.framework; sourceTree = BUILT_PRODUCTS_DIR; };
		BE9D1EEF1E4D7A2E00724785 /* GWCollectionViewFloatCellLayout.h */ = {isa = PBXFileReference; lastKnownFileType = sourcecode.c.h; path = GWCollectionViewFloatCellLayout.h; sourceTree = "<group>"; };
		BE9D1EF01E4D7A2E00724785 /* Info.plist */ = {isa = PBXFileReference; lastKnownFileType = text.plist.xml; path = Info.plist; sourceTree = "<group>"; };
		BE9D1EF51E4D7A5900724785 /* GWCollectionViewFloatCellLayout.swift */ = {isa = PBXFileReference; fileEncoding = 4; lastKnownFileType = sourcecode.swift; path = GWCollectionViewFloatCellLayout.swift; sourceTree = "<group>"; };
/* End PBXFileReference section */

/* Begin PBXFrameworksBuildPhase section */
		BE9BE7021E4CD4F6000EDC12 /* Frameworks */ = {
			isa = PBXFrameworksBuildPhase;
			buildActionMask = 2147483647;
			files = (
				BE02FC451E4D7D4F0009E4B2 /* GWCollectionViewFloatCellLayout.framework in Frameworks */,
			);
			runOnlyForDeploymentPostprocessing = 0;
		};
		BE9D1EE91E4D7A2E00724785 /* Frameworks */ = {
			isa = PBXFrameworksBuildPhase;
			buildActionMask = 2147483647;
			files = (
			);
			runOnlyForDeploymentPostprocessing = 0;
		};
/* End PBXFrameworksBuildPhase section */

/* Begin PBXGroup section */
		BE9BE6FC1E4CD4F6000EDC12 = {
			isa = PBXGroup;
			children = (
				BE9BE7071E4CD4F6000EDC12 /* GWCollectionViewFloatCellLayout */,
				BE9D1EEE1E4D7A2E00724785 /* GWCollectionViewFloatCellLayout */,
				BE9BE7061E4CD4F6000EDC12 /* Products */,
			);
			sourceTree = "<group>";
		};
		BE9BE7061E4CD4F6000EDC12 /* Products */ = {
			isa = PBXGroup;
			children = (
				BE9BE7051E4CD4F6000EDC12 /* GWCollectionViewFloatCellLayout-Demo.app */,
				BE9D1EED1E4D7A2E00724785 /* GWCollectionViewFloatCellLayout.framework */,
			);
			name = Products;
			sourceTree = "<group>";
		};
		BE9BE7071E4CD4F6000EDC12 /* GWCollectionViewFloatCellLayout */ = {
			isa = PBXGroup;
			children = (
				BE02FC4A1E4D7E5C0009E4B2 /* AppDelegate.swift */,
				BE02FC371E4D7C790009E4B2 /* CollectionViewCell.swift */,
				BE02FC381E4D7C790009E4B2 /* CollectionViewCell.xib */,
				BE02FC391E4D7C790009E4B2 /* CollectionViewController.swift */,
				BE02FC3A1E4D7C790009E4B2 /* CollectionViewController.xib */,
				BE02FC3C1E4D7C790009E4B2 /* main.storyboard */,
				BE02FC3D1E4D7C790009E4B2 /* ViewController.swift */,
				BE02FC481E4D7E4D0009E4B2 /* Assets.xcassets */,
				BE02FC3B1E4D7C790009E4B2 /* Info.plist */,
				BE02FC461E4D7DE90009E4B2 /* Launch Screen.storyboard */,
			);
			path = GWCollectionViewFloatCellLayout;
			sourceTree = "<group>";
		};
		BE9D1EEE1E4D7A2E00724785 /* GWCollectionViewFloatCellLayout */ = {
			isa = PBXGroup;
			children = (
				BE9D1EF51E4D7A5900724785 /* GWCollectionViewFloatCellLayout.swift */,
				BE9D1EEF1E4D7A2E00724785 /* GWCollectionViewFloatCellLayout.h */,
				BE9D1EF01E4D7A2E00724785 /* Info.plist */,
			);
			path = GWCollectionViewFloatCellLayout;
			sourceTree = "<group>";
		};
/* End PBXGroup section */

/* Begin PBXHeadersBuildPhase section */
		BE9D1EEA1E4D7A2E00724785 /* Headers */ = {
			isa = PBXHeadersBuildPhase;
			buildActionMask = 2147483647;
			files = (
				BE9D1EF11E4D7A2E00724785 /* GWCollectionViewFloatCellLayout.h in Headers */,
			);
			runOnlyForDeploymentPostprocessing = 0;
		};
/* End PBXHeadersBuildPhase section */

/* Begin PBXNativeTarget section */
		BE9BE7041E4CD4F6000EDC12 /* GWCollectionViewFloatCellLayout-Demo */ = {
			isa = PBXNativeTarget;
			buildConfigurationList = BE9BE7171E4CD4F6000EDC12 /* Build configuration list for PBXNativeTarget "GWCollectionViewFloatCellLayout-Demo" */;
			buildPhases = (
				BE9BE7011E4CD4F6000EDC12 /* Sources */,
				BE9BE7021E4CD4F6000EDC12 /* Frameworks */,
				BE9BE7031E4CD4F6000EDC12 /* Resources */,
				BE9D1EC41E4D743C00724785 /* Embed Frameworks */,
			);
			buildRules = (
			);
			dependencies = (
			);
			name = "GWCollectionViewFloatCellLayout-Demo";
			productName = GWCollectionViewFloatCellLayout;
			productReference = BE9BE7051E4CD4F6000EDC12 /* GWCollectionViewFloatCellLayout-Demo.app */;
			productType = "com.apple.product-type.application";
		};
		BE9D1EEC1E4D7A2E00724785 /* GWCollectionViewFloatCellLayout */ = {
			isa = PBXNativeTarget;
			buildConfigurationList = BE9D1EF21E4D7A2E00724785 /* Build configuration list for PBXNativeTarget "GWCollectionViewFloatCellLayout" */;
			buildPhases = (
				BE9D1EE81E4D7A2E00724785 /* Sources */,
				BE9D1EE91E4D7A2E00724785 /* Frameworks */,
				BE9D1EEA1E4D7A2E00724785 /* Headers */,
				BE9D1EEB1E4D7A2E00724785 /* Resources */,
			);
			buildRules = (
			);
			dependencies = (
			);
			name = GWCollectionViewFloatCellLayout;
			productName = GWCollectionViewFloatCellLayout;
			productReference = BE9D1EED1E4D7A2E00724785 /* GWCollectionViewFloatCellLayout.framework */;
			productType = "com.apple.product-type.framework";
		};
/* End PBXNativeTarget section */

/* Begin PBXProject section */
		BE9BE6FD1E4CD4F6000EDC12 /* Project object */ = {
			isa = PBXProject;
			attributes = {
				LastSwiftUpdateCheck = 0820;
				LastUpgradeCheck = 0820;
				ORGANIZATIONNAME = Will;
				TargetAttributes = {
					BE9BE7041E4CD4F6000EDC12 = {
						CreatedOnToolsVersion = 8.2;
						LastSwiftMigration = 0820;
						ProvisioningStyle = Automatic;
					};
					BE9D1EEC1E4D7A2E00724785 = {
						CreatedOnToolsVersion = 8.2;
						LastSwiftMigration = 0820;
						ProvisioningStyle = Automatic;
					};
				};
			};
			buildConfigurationList = BE9BE7001E4CD4F6000EDC12 /* Build configuration list for PBXProject "GWCollectionViewFloatCellLayout-Demo" */;
			compatibilityVersion = "Xcode 3.2";
			developmentRegion = English;
			hasScannedForEncodings = 0;
			knownRegions = (
				en,
				Base,
			);
			mainGroup = BE9BE6FC1E4CD4F6000EDC12;
			productRefGroup = BE9BE7061E4CD4F6000EDC12 /* Products */;
			projectDirPath = "";
			projectRoot = "";
			targets = (
				BE9BE7041E4CD4F6000EDC12 /* GWCollectionViewFloatCellLayout-Demo */,
				BE9D1EEC1E4D7A2E00724785 /* GWCollectionViewFloatCellLayout */,
			);
		};
/* End PBXProject section */

/* Begin PBXResourcesBuildPhase section */
		BE9BE7031E4CD4F6000EDC12 /* Resources */ = {
			isa = PBXResourcesBuildPhase;
			buildActionMask = 2147483647;
			files = (
				BE02FC471E4D7DE90009E4B2 /* Launch Screen.storyboard in Resources */,
				BE02FC431E4D7C790009E4B2 /* main.storyboard in Resources */,
				BE02FC421E4D7C790009E4B2 /* Info.plist in Resources */,
				BE02FC411E4D7C790009E4B2 /* CollectionViewController.xib in Resources */,
				BE02FC491E4D7E4D0009E4B2 /* Assets.xcassets in Resources */,
				BE02FC3F1E4D7C790009E4B2 /* CollectionViewCell.xib in Resources */,
			);
			runOnlyForDeploymentPostprocessing = 0;
		};
		BE9D1EEB1E4D7A2E00724785 /* Resources */ = {
			isa = PBXResourcesBuildPhase;
			buildActionMask = 2147483647;
			files = (
			);
			runOnlyForDeploymentPostprocessing = 0;
		};
/* End PBXResourcesBuildPhase section */

/* Begin PBXSourcesBuildPhase section */
		BE9BE7011E4CD4F6000EDC12 /* Sources */ = {
			isa = PBXSourcesBuildPhase;
			buildActionMask = 2147483647;
			files = (
				BE02FC4B1E4D7E5C0009E4B2 /* AppDelegate.swift in Sources */,
				BE02FC401E4D7C790009E4B2 /* CollectionViewController.swift in Sources */,
				BE02FC3E1E4D7C790009E4B2 /* CollectionViewCell.swift in Sources */,
				BE02FC441E4D7C790009E4B2 /* ViewController.swift in Sources */,
			);
			runOnlyForDeploymentPostprocessing = 0;
		};
		BE9D1EE81E4D7A2E00724785 /* Sources */ = {
			isa = PBXSourcesBuildPhase;
			buildActionMask = 2147483647;
			files = (
				BE9D1EF61E4D7A5900724785 /* GWCollectionViewFloatCellLayout.swift in Sources */,
			);
			runOnlyForDeploymentPostprocessing = 0;
		};
/* End PBXSourcesBuildPhase section */

/* Begin XCBuildConfiguration section */
		BE9BE7151E4CD4F6000EDC12 /* Debug */ = {
			isa = XCBuildConfiguration;
			buildSettings = {
				ALWAYS_SEARCH_USER_PATHS = NO;
				CLANG_ANALYZER_NONNULL = YES;
				CLANG_CXX_LANGUAGE_STANDARD = "gnu++0x";
				CLANG_CXX_LIBRARY = "libc++";
				CLANG_ENABLE_MODULES = YES;
				CLANG_ENABLE_OBJC_ARC = YES;
				CLANG_WARN_BOOL_CONVERSION = YES;
				CLANG_WARN_CONSTANT_CONVERSION = YES;
				CLANG_WARN_DIRECT_OBJC_ISA_USAGE = YES_ERROR;
				CLANG_WARN_DOCUMENTATION_COMMENTS = YES;
				CLANG_WARN_EMPTY_BODY = YES;
				CLANG_WARN_ENUM_CONVERSION = YES;
				CLANG_WARN_INFINITE_RECURSION = YES;
				CLANG_WARN_INT_CONVERSION = YES;
				CLANG_WARN_OBJC_ROOT_CLASS = YES_ERROR;
				CLANG_WARN_SUSPICIOUS_MOVE = YES;
				CLANG_WARN_UNREACHABLE_CODE = YES;
				CLANG_WARN__DUPLICATE_METHOD_MATCH = YES;
				"CODE_SIGN_IDENTITY[sdk=iphoneos*]" = "iPhone Developer";
				COPY_PHASE_STRIP = NO;
				DEBUG_INFORMATION_FORMAT = dwarf;
				ENABLE_STRICT_OBJC_MSGSEND = YES;
				ENABLE_TESTABILITY = YES;
				GCC_C_LANGUAGE_STANDARD = gnu99;
				GCC_DYNAMIC_NO_PIC = NO;
				GCC_NO_COMMON_BLOCKS = YES;
				GCC_OPTIMIZATION_LEVEL = 0;
				GCC_PREPROCESSOR_DEFINITIONS = (
					"DEBUG=1",
					"$(inherited)",
				);
				GCC_WARN_64_TO_32_BIT_CONVERSION = YES;
				GCC_WARN_ABOUT_RETURN_TYPE = YES_ERROR;
				GCC_WARN_UNDECLARED_SELECTOR = YES;
				GCC_WARN_UNINITIALIZED_AUTOS = YES_AGGRESSIVE;
				GCC_WARN_UNUSED_FUNCTION = YES;
				GCC_WARN_UNUSED_VARIABLE = YES;
				IPHONEOS_DEPLOYMENT_TARGET = 8.0;
				MTL_ENABLE_DEBUG_INFO = YES;
				ONLY_ACTIVE_ARCH = YES;
				SDKROOT = iphoneos;
				SWIFT_ACTIVE_COMPILATION_CONDITIONS = DEBUG;
				SWIFT_OPTIMIZATION_LEVEL = "-Onone";
			};
			name = Debug;
		};
		BE9BE7161E4CD4F6000EDC12 /* Release */ = {
			isa = XCBuildConfiguration;
			buildSettings = {
				ALWAYS_SEARCH_USER_PATHS = NO;
				CLANG_ANALYZER_NONNULL = YES;
				CLANG_CXX_LANGUAGE_STANDARD = "gnu++0x";
				CLANG_CXX_LIBRARY = "libc++";
				CLANG_ENABLE_MODULES = YES;
				CLANG_ENABLE_OBJC_ARC = YES;
				CLANG_WARN_BOOL_CONVERSION = YES;
				CLANG_WARN_CONSTANT_CONVERSION = YES;
				CLANG_WARN_DIRECT_OBJC_ISA_USAGE = YES_ERROR;
				CLANG_WARN_DOCUMENTATION_COMMENTS = YES;
				CLANG_WARN_EMPTY_BODY = YES;
				CLANG_WARN_ENUM_CONVERSION = YES;
				CLANG_WARN_INFINITE_RECURSION = YES;
				CLANG_WARN_INT_CONVERSION = YES;
				CLANG_WARN_OBJC_ROOT_CLASS = YES_ERROR;
				CLANG_WARN_SUSPICIOUS_MOVE = YES;
				CLANG_WARN_UNREACHABLE_CODE = YES;
				CLANG_WARN__DUPLICATE_METHOD_MATCH = YES;
				"CODE_SIGN_IDENTITY[sdk=iphoneos*]" = "iPhone Developer";
				COPY_PHASE_STRIP = NO;
				DEBUG_INFORMATION_FORMAT = "dwarf-with-dsym";
				ENABLE_NS_ASSERTIONS = NO;
				ENABLE_STRICT_OBJC_MSGSEND = YES;
				GCC_C_LANGUAGE_STANDARD = gnu99;
				GCC_NO_COMMON_BLOCKS = YES;
				GCC_WARN_64_TO_32_BIT_CONVERSION = YES;
				GCC_WARN_ABOUT_RETURN_TYPE = YES_ERROR;
				GCC_WARN_UNDECLARED_SELECTOR = YES;
				GCC_WARN_UNINITIALIZED_AUTOS = YES_AGGRESSIVE;
				GCC_WARN_UNUSED_FUNCTION = YES;
				GCC_WARN_UNUSED_VARIABLE = YES;
				IPHONEOS_DEPLOYMENT_TARGET = 8.0;
				MTL_ENABLE_DEBUG_INFO = NO;
				SDKROOT = iphoneos;
				SWIFT_OPTIMIZATION_LEVEL = "-Owholemodule";
				VALIDATE_PRODUCT = YES;
			};
			name = Release;
		};
		BE9BE7181E4CD4F6000EDC12 /* Debug */ = {
			isa = XCBuildConfiguration;
			buildSettings = {
				ALWAYS_EMBED_SWIFT_STANDARD_LIBRARIES = YES;
				ASSETCATALOG_COMPILER_APPICON_NAME = AppIcon;
				CLANG_ENABLE_MODULES = YES;
				DEVELOPMENT_TEAM = "";
				INFOPLIST_FILE = GWCollectionViewFloatCellLayout/Info.plist;
				IPHONEOS_DEPLOYMENT_TARGET = 8.0;
				LD_RUNPATH_SEARCH_PATHS = "$(inherited) @executable_path/Frameworks";
				PRODUCT_BUNDLE_IDENTIFIER = "org.gewill.GWCollectionViewFloatCellLayout-Demo";
				PRODUCT_NAME = "$(TARGET_NAME)";
				SWIFT_OPTIMIZATION_LEVEL = "-Onone";
				SWIFT_VERSION = 3.0;
			};
			name = Debug;
		};
		BE9BE7191E4CD4F6000EDC12 /* Release */ = {
			isa = XCBuildConfiguration;
			buildSettings = {
				ALWAYS_EMBED_SWIFT_STANDARD_LIBRARIES = YES;
				ASSETCATALOG_COMPILER_APPICON_NAME = AppIcon;
				CLANG_ENABLE_MODULES = YES;
				DEVELOPMENT_TEAM = "";
				INFOPLIST_FILE = GWCollectionViewFloatCellLayout/Info.plist;
				IPHONEOS_DEPLOYMENT_TARGET = 8.0;
				LD_RUNPATH_SEARCH_PATHS = "$(inherited) @executable_path/Frameworks";
				PRODUCT_BUNDLE_IDENTIFIER = "org.gewill.GWCollectionViewFloatCellLayout-Demo";
				PRODUCT_NAME = "$(TARGET_NAME)";
				SWIFT_VERSION = 3.0;
			};
			name = Release;
		};
		BE9D1EF31E4D7A2E00724785 /* Debug */ = {
			isa = XCBuildConfiguration;
			buildSettings = {
				CLANG_ENABLE_MODULES = YES;
				CODE_SIGN_IDENTITY = "";
				CURRENT_PROJECT_VERSION = 1;
				DEFINES_MODULE = YES;
				DEVELOPMENT_TEAM = "";
				DYLIB_COMPATIBILITY_VERSION = 1;
				DYLIB_CURRENT_VERSION = 1;
				DYLIB_INSTALL_NAME_BASE = "@rpath";
				INFOPLIST_FILE = GWCollectionViewFloatCellLayout/Info.plist;
				INSTALL_PATH = "$(LOCAL_LIBRARY_DIR)/Frameworks";
				IPHONEOS_DEPLOYMENT_TARGET = 8.0;
				LD_RUNPATH_SEARCH_PATHS = "$(inherited) @executable_path/Frameworks @loader_path/Frameworks";
				PRODUCT_BUNDLE_IDENTIFIER = org.gewill.GWCollectionViewFloatCellLayout;
				PRODUCT_NAME = "$(TARGET_NAME)";
				SKIP_INSTALL = YES;
				SWIFT_OPTIMIZATION_LEVEL = "-Onone";
				SWIFT_VERSION = 3.0;
				TARGETED_DEVICE_FAMILY = "1,2";
				VERSIONING_SYSTEM = "apple-generic";
				VERSION_INFO_PREFIX = "";
			};
			name = Debug;
		};
		BE9D1EF41E4D7A2E00724785 /* Release */ = {
			isa = XCBuildConfiguration;
			buildSettings = {
				CLANG_ENABLE_MODULES = YES;
				CODE_SIGN_IDENTITY = "";
				CURRENT_PROJECT_VERSION = 1;
				DEFINES_MODULE = YES;
				DEVELOPMENT_TEAM = "";
				DYLIB_COMPATIBILITY_VERSION = 1;
				DYLIB_CURRENT_VERSION = 1;
				DYLIB_INSTALL_NAME_BASE = "@rpath";
				INFOPLIST_FILE = GWCollectionViewFloatCellLayout/Info.plist;
				INSTALL_PATH = "$(LOCAL_LIBRARY_DIR)/Frameworks";
				IPHONEOS_DEPLOYMENT_TARGET = 8.0;
				LD_RUNPATH_SEARCH_PATHS = "$(inherited) @executable_path/Frameworks @loader_path/Frameworks";
				PRODUCT_BUNDLE_IDENTIFIER = org.gewill.GWCollectionViewFloatCellLayout;
				PRODUCT_NAME = "$(TARGET_NAME)";
				SKIP_INSTALL = YES;
				SWIFT_VERSION = 3.0;
				TARGETED_DEVICE_FAMILY = "1,2";
				VERSIONING_SYSTEM = "apple-generic";
				VERSION_INFO_PREFIX = "";
			};
			name = Release;
		};
/* End XCBuildConfiguration section */

/* Begin XCConfigurationList section */
		BE9BE7001E4CD4F6000EDC12 /* Build configuration list for PBXProject "GWCollectionViewFloatCellLayout-Demo" */ = {
			isa = XCConfigurationList;
			buildConfigurations = (
				BE9BE7151E4CD4F6000EDC12 /* Debug */,
				BE9BE7161E4CD4F6000EDC12 /* Release */,
			);
			defaultConfigurationIsVisible = 0;
			defaultConfigurationName = Release;
		};
		BE9BE7171E4CD4F6000EDC12 /* Build configuration list for PBXNativeTarget "GWCollectionViewFloatCellLayout-Demo" */ = {
			isa = XCConfigurationList;
			buildConfigurations = (
				BE9BE7181E4CD4F6000EDC12 /* Debug */,
				BE9BE7191E4CD4F6000EDC12 /* Release */,
			);
			defaultConfigurationIsVisible = 0;
			defaultConfigurationName = Release;
		};
		BE9D1EF21E4D7A2E00724785 /* Build configuration list for PBXNativeTarget "GWCollectionViewFloatCellLayout" */ = {
			isa = XCConfigurationList;
			buildConfigurations = (
				BE9D1EF31E4D7A2E00724785 /* Debug */,
				BE9D1EF41E4D7A2E00724785 /* Release */,
			);
			defaultConfigurationIsVisible = 0;
			defaultConfigurationName = Release;
		};
/* End XCConfigurationList section */
	};
	rootObject = BE9BE6FD1E4CD4F6000EDC12 /* Project object */;
}
