// !$*UTF8*$!
{
	archiveVersion = 1;
	classes = {
	};
	objectVersion = 46;
	objects = {

/* Begin PBXBuildFile section */
		BE9BE7091E4CD4F6000EDC12 /* AppDelegate.swift in Sources */ = {isa = PBXBuildFile; fileRef = BE9BE7081E4CD4F6000EDC12 /* AppDelegate.swift */; };
		BE9BE7101E4CD4F6000EDC12 /* Assets.xcassets in Resources */ = {isa = PBXBuildFile; fileRef = BE9BE70F1E4CD4F6000EDC12 /* Assets.xcassets */; };
		BE9BE7131E4CD4F6000EDC12 /* LaunchScreen.storyboard in Resources */ = {isa = PBXBuildFile; fileRef = BE9BE7111E4CD4F6000EDC12 /* LaunchScreen.storyboard */; };
		BE9BE71C1E4CD56B000EDC12 /* GWCollectionViewFloatCellLayout.swift in Sources */ = {isa = PBXBuildFile; fileRef = BE9BE71B1E4CD56B000EDC12 /* GWCollectionViewFloatCellLayout.swift */; };
		BE9BE7211E4CD60E000EDC12 /* CollectionViewController.swift in Sources */ = {isa = PBXBuildFile; fileRef = BE9BE71D1E4CD60E000EDC12 /* CollectionViewController.swift */; };
		BE9BE7221E4CD60E000EDC12 /* CollectionViewController.xib in Resources */ = {isa = PBXBuildFile; fileRef = BE9BE71E1E4CD60E000EDC12 /* CollectionViewController.xib */; };
		BE9BE7231E4CD60E000EDC12 /* main.storyboard in Resources */ = {isa = PBXBuildFile; fileRef = BE9BE71F1E4CD60E000EDC12 /* main.storyboard */; };
		BE9BE7241E4CD60E000EDC12 /* ViewController.swift in Sources */ = {isa = PBXBuildFile; fileRef = BE9BE7201E4CD60E000EDC12 /* ViewController.swift */; };
		BE9BE72F1E4CD725000EDC12 /* CollectionViewCell.swift in Sources */ = {isa = PBXBuildFile; fileRef = BE9BE72D1E4CD725000EDC12 /* CollectionViewCell.swift */; };
		BE9BE7301E4CD725000EDC12 /* CollectionViewCell.xib in Resources */ = {isa = PBXBuildFile; fileRef = BE9BE72E1E4CD725000EDC12 /* CollectionViewCell.xib */; };
/* End PBXBuildFile section */

/* Begin PBXFileReference section */
		BE9BE7051E4CD4F6000EDC12 /* GWCollectionViewFloatCellLayout.app */ = {isa = PBXFileReference; explicitFileType = wrapper.application; includeInIndex = 0; path = GWCollectionViewFloatCellLayout.app; sourceTree = BUILT_PRODUCTS_DIR; };
		BE9BE7081E4CD4F6000EDC12 /* AppDelegate.swift */ = {isa = PBXFileReference; lastKnownFileType = sourcecode.swift; path = AppDelegate.swift; sourceTree = "<group>"; };
		BE9BE70F1E4CD4F6000EDC12 /* Assets.xcassets */ = {isa = PBXFileReference; lastKnownFileType = folder.assetcatalog; path = Assets.xcassets; sourceTree = "<group>"; };
		BE9BE7121E4CD4F6000EDC12 /* Base */ = {isa = PBXFileReference; lastKnownFileType = file.storyboard; name = Base; path = Base.lproj/LaunchScreen.storyboard; sourceTree = "<group>"; };
		BE9BE7141E4CD4F6000EDC12 /* Info.plist */ = {isa = PBXFileReference; lastKnownFileType = text.plist.xml; path = Info.plist; sourceTree = "<group>"; };
		BE9BE71B1E4CD56B000EDC12 /* GWCollectionViewFloatCellLayout.swift */ = {isa = PBXFileReference; fileEncoding = 4; lastKnownFileType = sourcecode.swift; path = GWCollectionViewFloatCellLayout.swift; sourceTree = "<group>"; };
		BE9BE71D1E4CD60E000EDC12 /* CollectionViewController.swift */ = {isa = PBXFileReference; fileEncoding = 4; lastKnownFileType = sourcecode.swift; path = CollectionViewController.swift; sourceTree = "<group>"; };
		BE9BE71E1E4CD60E000EDC12 /* CollectionViewController.xib */ = {isa = PBXFileReference; fileEncoding = 4; lastKnownFileType = file.xib; path = CollectionViewController.xib; sourceTree = "<group>"; };
		BE9BE71F1E4CD60E000EDC12 /* main.storyboard */ = {isa = PBXFileReference; fileEncoding = 4; lastKnownFileType = file.storyboard; path = main.storyboard; sourceTree = "<group>"; };
		BE9BE7201E4CD60E000EDC12 /* ViewController.swift */ = {isa = PBXFileReference; fileEncoding = 4; lastKnownFileType = sourcecode.swift; path = ViewController.swift; sourceTree = "<group>"; };
		BE9BE72D1E4CD725000EDC12 /* CollectionViewCell.swift */ = {isa = PBXFileReference; fileEncoding = 4; lastKnownFileType = sourcecode.swift; path = CollectionViewCell.swift; sourceTree = "<group>"; };
		BE9BE72E1E4CD725000EDC12 /* CollectionViewCell.xib */ = {isa = PBXFileReference; fileEncoding = 4; lastKnownFileType = file.xib; path = CollectionViewCell.xib; sourceTree = "<group>"; };
/* End PBXFileReference section */

/* Begin PBXFrameworksBuildPhase section */
		BE9BE7021E4CD4F6000EDC12 /* Frameworks */ = {
			isa = PBXFrameworksBuildPhase;
			buildActionMask = 2147483647;
			files = (
			);
			runOnlyForDeploymentPostprocessing = 0;
		};
/* End PBXFrameworksBuildPhase section */

/* Begin PBXGroup section */
		BE9BE6FC1E4CD4F6000EDC12 = {
			isa = PBXGroup;
			children = (
				BE9BE7071E4CD4F6000EDC12 /* GWCollectionViewFloatCellLayout */,
				BE9BE7061E4CD4F6000EDC12 /* Products */,
			);
			sourceTree = "<group>";
		};
		BE9BE7061E4CD4F6000EDC12 /* Products */ = {
			isa = PBXGroup;
			children = (
				BE9BE7051E4CD4F6000EDC12 /* GWCollectionViewFloatCellLayout.app */,
			);
			name = Products;
			sourceTree = "<group>";
		};
		BE9BE7071E4CD4F6000EDC12 /* GWCollectionViewFloatCellLayout */ = {
			isa = PBXGroup;
			children = (
				BE9BE71A1E4CD54B000EDC12 /* Sources */,
				BE9BE7081E4CD4F6000EDC12 /* AppDelegate.swift */,
				BE9BE71D1E4CD60E000EDC12 /* CollectionViewController.swift */,
				BE9BE71E1E4CD60E000EDC12 /* CollectionViewController.xib */,
				BE9BE71F1E4CD60E000EDC12 /* main.storyboard */,
				BE9BE7201E4CD60E000EDC12 /* ViewController.swift */,
				BE9BE72D1E4CD725000EDC12 /* CollectionViewCell.swift */,
				BE9BE72E1E4CD725000EDC12 /* CollectionViewCell.xib */,
				BE9BE70F1E4CD4F6000EDC12 /* Assets.xcassets */,
				BE9BE7111E4CD4F6000EDC12 /* LaunchScreen.storyboard */,
				BE9BE7141E4CD4F6000EDC12 /* Info.plist */,
			);
			path = GWCollectionViewFloatCellLayout;
			sourceTree = "<group>";
		};
		BE9BE71A1E4CD54B000EDC12 /* Sources */ = {
			isa = PBXGroup;
			children = (
				BE9BE71B1E4CD56B000EDC12 /* GWCollectionViewFloatCellLayout.swift */,
			);
			name = Sources;
			path = ../../Sources;
			sourceTree = "<group>";
		};
/* End PBXGroup section */

/* Begin PBXNativeTarget section */
		BE9BE7041E4CD4F6000EDC12 /* GWCollectionViewFloatCellLayout */ = {
			isa = PBXNativeTarget;
			buildConfigurationList = BE9BE7171E4CD4F6000EDC12 /* Build configuration list for PBXNativeTarget "GWCollectionViewFloatCellLayout" */;
			buildPhases = (
				BE9BE7011E4CD4F6000EDC12 /* Sources */,
				BE9BE7021E4CD4F6000EDC12 /* Frameworks */,
				BE9BE7031E4CD4F6000EDC12 /* Resources */,
			);
			buildRules = (
			);
			dependencies = (
			);
			name = GWCollectionViewFloatCellLayout;
			productName = GWCollectionViewFloatCellLayout;
			productReference = BE9BE7051E4CD4F6000EDC12 /* GWCollectionViewFloatCellLayout.app */;
			productType = "com.apple.product-type.application";
		};
/* End PBXNativeTarget section */

/* Begin PBXProject section */
		BE9BE6FD1E4CD4F6000EDC12 /* Project object */ = {
			isa = PBXProject;
			attributes = {
				LastSwiftUpdateCheck = 0820;
				LastUpgradeCheck = 0820;
				ORGANIZATIONNAME = Will;
				TargetAttributes = {
					BE9BE7041E4CD4F6000EDC12 = {
						CreatedOnToolsVersion = 8.2;
						DevelopmentTeam = RLK76T8Y89;
						ProvisioningStyle = Automatic;
					};
				};
			};
			buildConfigurationList = BE9BE7001E4CD4F6000EDC12 /* Build configuration list for PBXProject "GWCollectionViewFloatCellLayout" */;
			compatibilityVersion = "Xcode 3.2";
			developmentRegion = English;
			hasScannedForEncodings = 0;
			knownRegions = (
				en,
				Base,
			);
			mainGroup = BE9BE6FC1E4CD4F6000EDC12;
			productRefGroup = BE9BE7061E4CD4F6000EDC12 /* Products */;
			projectDirPath = "";
			projectRoot = "";
			targets = (
				BE9BE7041E4CD4F6000EDC12 /* GWCollectionViewFloatCellLayout */,
			);
		};
/* End PBXProject section */

/* Begin PBXResourcesBuildPhase section */
		BE9BE7031E4CD4F6000EDC12 /* Resources */ = {
			isa = PBXResourcesBuildPhase;
			buildActionMask = 2147483647;
			files = (
				BE9BE7221E4CD60E000EDC12 /* CollectionViewController.xib in Resources */,
				BE9BE7131E4CD4F6000EDC12 /* LaunchScreen.storyboard in Resources */,
				BE9BE7101E4CD4F6000EDC12 /* Assets.xcassets in Resources */,
				BE9BE7231E4CD60E000EDC12 /* main.storyboard in Resources */,
				BE9BE7301E4CD725000EDC12 /* CollectionViewCell.xib in Resources */,
			);
			runOnlyForDeploymentPostprocessing = 0;
		};
/* End PBXResourcesBuildPhase section */

/* Begin PBXSourcesBuildPhase section */
		BE9BE7011E4CD4F6000EDC12 /* Sources */ = {
			isa = PBXSourcesBuildPhase;
			buildActionMask = 2147483647;
			files = (
				BE9BE72F1E4CD725000EDC12 /* CollectionViewCell.swift in Sources */,
				BE9BE7211E4CD60E000EDC12 /* CollectionViewController.swift in Sources */,
				BE9BE71C1E4CD56B000EDC12 /* GWCollectionViewFloatCellLayout.swift in Sources */,
				BE9BE7241E4CD60E000EDC12 /* ViewController.swift in Sources */,
				BE9BE7091E4CD4F6000EDC12 /* AppDelegate.swift in Sources */,
			);
			runOnlyForDeploymentPostprocessing = 0;
		};
/* End PBXSourcesBuildPhase section */

/* Begin PBXVariantGroup section */
		BE9BE7111E4CD4F6000EDC12 /* LaunchScreen.storyboard */ = {
			isa = PBXVariantGroup;
			children = (
				BE9BE7121E4CD4F6000EDC12 /* Base */,
			);
			name = LaunchScreen.storyboard;
			sourceTree = "<group>";
		};
/* End PBXVariantGroup section */

/* Begin XCBuildConfiguration section */
		BE9BE7151E4CD4F6000EDC12 /* Debug */ = {
			isa = XCBuildConfiguration;
			buildSettings = {
				ALWAYS_SEARCH_USER_PATHS = NO;
				CLANG_ANALYZER_NONNULL = YES;
				CLANG_CXX_LANGUAGE_STANDARD = "gnu++0x";
				CLANG_CXX_LIBRARY = "libc++";
				CLANG_ENABLE_MODULES = YES;
				CLANG_ENABLE_OBJC_ARC = YES;
				CLANG_WARN_BOOL_CONVERSION = YES;
				CLANG_WARN_CONSTANT_CONVERSION = YES;
				CLANG_WARN_DIRECT_OBJC_ISA_USAGE = YES_ERROR;
				CLANG_WARN_DOCUMENTATION_COMMENTS = YES;
				CLANG_WARN_EMPTY_BODY = YES;
				CLANG_WARN_ENUM_CONVERSION = YES;
				CLANG_WARN_INFINITE_RECURSION = YES;
				CLANG_WARN_INT_CONVERSION = YES;
				CLANG_WARN_OBJC_ROOT_CLASS = YES_ERROR;
				CLANG_WARN_SUSPICIOUS_MOVE = YES;
				CLANG_WARN_UNREACHABLE_CODE = YES;
				CLANG_WARN__DUPLICATE_METHOD_MATCH = YES;
				"CODE_SIGN_IDENTITY[sdk=iphoneos*]" = "iPhone Developer";
				COPY_PHASE_STRIP = NO;
				DEBUG_INFORMATION_FORMAT = dwarf;
				ENABLE_STRICT_OBJC_MSGSEND = YES;
				ENABLE_TESTABILITY = YES;
				GCC_C_LANGUAGE_STANDARD = gnu99;
				GCC_DYNAMIC_NO_PIC = NO;
				GCC_NO_COMMON_BLOCKS = YES;
				GCC_OPTIMIZATION_LEVEL = 0;
				GCC_PREPROCESSOR_DEFINITIONS = (
					"DEBUG=1",
					"$(inherited)",
				);
				GCC_WARN_64_TO_32_BIT_CONVERSION = YES;
				GCC_WARN_ABOUT_RETURN_TYPE = YES_ERROR;
				GCC_WARN_UNDECLARED_SELECTOR = YES;
				GCC_WARN_UNINITIALIZED_AUTOS = YES_AGGRESSIVE;
				GCC_WARN_UNUSED_FUNCTION = YES;
				GCC_WARN_UNUSED_VARIABLE = YES;
				IPHONEOS_DEPLOYMENT_TARGET = 8.0;
				MTL_ENABLE_DEBUG_INFO = YES;
				ONLY_ACTIVE_ARCH = YES;
				SDKROOT = iphoneos;
				SWIFT_ACTIVE_COMPILATION_CONDITIONS = DEBUG;
				SWIFT_OPTIMIZATION_LEVEL = "-Onone";
			};
			name = Debug;
		};
		BE9BE7161E4CD4F6000EDC12 /* Release */ = {
			isa = XCBuildConfiguration;
			buildSettings = {
				ALWAYS_SEARCH_USER_PATHS = NO;
				CLANG_ANALYZER_NONNULL = YES;
				CLANG_CXX_LANGUAGE_STANDARD = "gnu++0x";
				CLANG_CXX_LIBRARY = "libc++";
				CLANG_ENABLE_MODULES = YES;
				CLANG_ENABLE_OBJC_ARC = YES;
				CLANG_WARN_BOOL_CONVERSION = YES;
				CLANG_WARN_CONSTANT_CONVERSION = YES;
				CLANG_WARN_DIRECT_OBJC_ISA_USAGE = YES_ERROR;
				CLANG_WARN_DOCUMENTATION_COMMENTS = YES;
				CLANG_WARN_EMPTY_BODY = YES;
				CLANG_WARN_ENUM_CONVERSION = YES;
				CLANG_WARN_INFINITE_RECURSION = YES;
				CLANG_WARN_INT_CONVERSION = YES;
				CLANG_WARN_OBJC_ROOT_CLASS = YES_ERROR;
				CLANG_WARN_SUSPICIOUS_MOVE = YES;
				CLANG_WARN_UNREACHABLE_CODE = YES;
				CLANG_WARN__DUPLICATE_METHOD_MATCH = YES;
				"CODE_SIGN_IDENTITY[sdk=iphoneos*]" = "iPhone Developer";
				COPY_PHASE_STRIP = NO;
				DEBUG_INFORMATION_FORMAT = "dwarf-with-dsym";
				ENABLE_NS_ASSERTIONS = NO;
				ENABLE_STRICT_OBJC_MSGSEND = YES;
				GCC_C_LANGUAGE_STANDARD = gnu99;
				GCC_NO_COMMON_BLOCKS = YES;
				GCC_WARN_64_TO_32_BIT_CONVERSION = YES;
				GCC_WARN_ABOUT_RETURN_TYPE = YES_ERROR;
				GCC_WARN_UNDECLARED_SELECTOR = YES;
				GCC_WARN_UNINITIALIZED_AUTOS = YES_AGGRESSIVE;
				GCC_WARN_UNUSED_FUNCTION = YES;
				GCC_WARN_UNUSED_VARIABLE = YES;
				IPHONEOS_DEPLOYMENT_TARGET = 8.0;
				MTL_ENABLE_DEBUG_INFO = NO;
				SDKROOT = iphoneos;
				SWIFT_OPTIMIZATION_LEVEL = "-Owholemodule";
				VALIDATE_PRODUCT = YES;
			};
			name = Release;
		};
		BE9BE7181E4CD4F6000EDC12 /* Debug */ = {
			isa = XCBuildConfiguration;
			buildSettings = {
				ASSETCATALOG_COMPILER_APPICON_NAME = AppIcon;
				DEVELOPMENT_TEAM = RLK76T8Y89;
				INFOPLIST_FILE = GWCollectionViewFloatCellLayout/Info.plist;
				IPHONEOS_DEPLOYMENT_TARGET = 8.0;
				LD_RUNPATH_SEARCH_PATHS = "$(inherited) @executable_path/Frameworks";
				PRODUCT_BUNDLE_IDENTIFIER = org.gewill.GWCollectionViewFloatCellLayout;
				PRODUCT_NAME = "$(TARGET_NAME)";
				SWIFT_VERSION = 3.0;
			};
			name = Debug;
		};
		BE9BE7191E4CD4F6000EDC12 /* Release */ = {
			isa = XCBuildConfiguration;
			buildSettings = {
				ASSETCATALOG_COMPILER_APPICON_NAME = AppIcon;
				DEVELOPMENT_TEAM = RLK76T8Y89;
				INFOPLIST_FILE = GWCollectionViewFloatCellLayout/Info.plist;
				IPHONEOS_DEPLOYMENT_TARGET = 8.0;
				LD_RUNPATH_SEARCH_PATHS = "$(inherited) @executable_path/Frameworks";
				PRODUCT_BUNDLE_IDENTIFIER = org.gewill.GWCollectionViewFloatCellLayout;
				PRODUCT_NAME = "$(TARGET_NAME)";
				SWIFT_VERSION = 3.0;
			};
			name = Release;
		};
/* End XCBuildConfiguration section */

/* Begin XCConfigurationList section */
		BE9BE7001E4CD4F6000EDC12 /* Build configuration list for PBXProject "GWCollectionViewFloatCellLayout" */ = {
			isa = XCConfigurationList;
			buildConfigurations = (
				BE9BE7151E4CD4F6000EDC12 /* Debug */,
				BE9BE7161E4CD4F6000EDC12 /* Release */,
			);
			defaultConfigurationIsVisible = 0;
			defaultConfigurationName = Release;
		};
		BE9BE7171E4CD4F6000EDC12 /* Build configuration list for PBXNativeTarget "GWCollectionViewFloatCellLayout" */ = {
			isa = XCConfigurationList;
			buildConfigurations = (
				BE9BE7181E4CD4F6000EDC12 /* Debug */,
				BE9BE7191E4CD4F6000EDC12 /* Release */,
			);
			defaultConfigurationIsVisible = 0;
		};
/* End XCConfigurationList section */
	};
	rootObject = BE9BE6FD1E4CD4F6000EDC12 /* Project object */;
}
